// !$*UTF8*$!
{
	archiveVersion = 1;
	classes = {
	};
	objectVersion = 48;
	objects = {

/* Begin PBXBuildFile section */
		07A82ED82139413D0078D120 /* imgui_widgets.cpp in Sources */ = {isa = PBXBuildFile; fileRef = 07A82ED72139413C0078D120 /* imgui_widgets.cpp */; };
		07A82ED92139418F0078D120 /* imgui_widgets.cpp in Sources */ = {isa = PBXBuildFile; fileRef = 07A82ED72139413C0078D120 /* imgui_widgets.cpp */; };
		8307E7CC20E9F9C900473790 /* ViewController.mm in Sources */ = {isa = PBXBuildFile; fileRef = 8307E7CB20E9F9C900473790 /* ViewController.mm */; };
		8307E7CF20E9F9C900473790 /* Main.storyboard in Resources */ = {isa = PBXBuildFile; fileRef = 8307E7CD20E9F9C900473790 /* Main.storyboard */; };
		8307E7DE20E9F9C900473790 /* AppDelegate.m in Sources */ = {isa = PBXBuildFile; fileRef = 8307E7DD20E9F9C900473790 /* AppDelegate.m */; };
		8307E7E420E9F9C900473790 /* Main.storyboard in Resources */ = {isa = PBXBuildFile; fileRef = 8307E7E220E9F9C900473790 /* Main.storyboard */; };
		8307E7E720E9F9C900473790 /* main.m in Sources */ = {isa = PBXBuildFile; fileRef = 8307E7E620E9F9C900473790 /* main.m */; };
		8307E7E820E9F9C900473790 /* Renderer.mm in Sources */ = {isa = PBXBuildFile; fileRef = 8307E7BC20E9F9C700473790 /* Renderer.mm */; };
		8307E7E920E9F9C900473790 /* Renderer.mm in Sources */ = {isa = PBXBuildFile; fileRef = 8307E7BC20E9F9C700473790 /* Renderer.mm */; };
		836D2A2E20EE208E0098E909 /* imgui_impl_osx.mm in Sources */ = {isa = PBXBuildFile; fileRef = 836D2A2D20EE208E0098E909 /* imgui_impl_osx.mm */; };
		836D2A3020EE4A180098E909 /* Default-568h@2x.png in Resources */ = {isa = PBXBuildFile; fileRef = 836D2A2F20EE4A180098E909 /* Default-568h@2x.png */; };
		836D2A3220EE4A900098E909 /* Launch Screen.storyboard in Resources */ = {isa = PBXBuildFile; fileRef = 836D2A3120EE4A900098E909 /* Launch Screen.storyboard */; };
		83BBE9DE20EB3FFC00295997 /* main.m in Sources */ = {isa = PBXBuildFile; fileRef = 8307E7E620E9F9C900473790 /* main.m */; };
		83BBE9DF20EB40AE00295997 /* AppDelegate.m in Sources */ = {isa = PBXBuildFile; fileRef = 8307E7DD20E9F9C900473790 /* AppDelegate.m */; };
		83BBE9E020EB42D000295997 /* ViewController.mm in Sources */ = {isa = PBXBuildFile; fileRef = 8307E7CB20E9F9C900473790 /* ViewController.mm */; };
		83BBE9E520EB46B900295997 /* Metal.framework in Frameworks */ = {isa = PBXBuildFile; fileRef = 83BBE9E420EB46B900295997 /* Metal.framework */; };
		83BBE9E720EB46BD00295997 /* MetalKit.framework in Frameworks */ = {isa = PBXBuildFile; fileRef = 83BBE9E620EB46BD00295997 /* MetalKit.framework */; };
		83BBE9E920EB46C100295997 /* ModelIO.framework in Frameworks */ = {isa = PBXBuildFile; fileRef = 83BBE9E820EB46C100295997 /* ModelIO.framework */; };
		83BBE9EC20EB471700295997 /* MetalKit.framework in Frameworks */ = {isa = PBXBuildFile; fileRef = 83BBE9EA20EB471700295997 /* MetalKit.framework */; };
		83BBE9ED20EB471700295997 /* Metal.framework in Frameworks */ = {isa = PBXBuildFile; fileRef = 83BBE9EB20EB471700295997 /* Metal.framework */; };
		83BBE9EF20EB471C00295997 /* ModelIO.framework in Frameworks */ = {isa = PBXBuildFile; fileRef = 83BBE9EE20EB471C00295997 /* ModelIO.framework */; };
		83BBE9FE20EB54D800295997 /* imgui_impl_metal.mm in Sources */ = {isa = PBXBuildFile; fileRef = 83BBE9FD20EB54D800295997 /* imgui_impl_metal.mm */; };
		83BBE9FF20EB54D800295997 /* imgui_impl_metal.mm in Sources */ = {isa = PBXBuildFile; fileRef = 83BBE9FD20EB54D800295997 /* imgui_impl_metal.mm */; };
		83BBEA0520EB54E700295997 /* imgui_draw.cpp in Sources */ = {isa = PBXBuildFile; fileRef = 83BBEA0120EB54E700295997 /* imgui_draw.cpp */; };
		83BBEA0620EB54E700295997 /* imgui_draw.cpp in Sources */ = {isa = PBXBuildFile; fileRef = 83BBEA0120EB54E700295997 /* imgui_draw.cpp */; };
		83BBEA0720EB54E700295997 /* imgui_demo.cpp in Sources */ = {isa = PBXBuildFile; fileRef = 83BBEA0220EB54E700295997 /* imgui_demo.cpp */; };
		83BBEA0820EB54E700295997 /* imgui_demo.cpp in Sources */ = {isa = PBXBuildFile; fileRef = 83BBEA0220EB54E700295997 /* imgui_demo.cpp */; };
		83BBEA0920EB54E700295997 /* imgui.cpp in Sources */ = {isa = PBXBuildFile; fileRef = 83BBEA0320EB54E700295997 /* imgui.cpp */; };
		83BBEA0A20EB54E700295997 /* imgui.cpp in Sources */ = {isa = PBXBuildFile; fileRef = 83BBEA0320EB54E700295997 /* imgui.cpp */; };
		C500C75864EFB96940CC4614 /* YouiDesignSystemPanel.cpp in Sources */ = {isa = PBXBuildFile; fileRef = C500CC7EFDF15A1FB63FAE5D /* YouiDesignSystemPanel.cpp */; };
		C500C910588C6CA1C7965F9D /* YouiDesignSystemPanel.cpp in Sources */ = {isa = PBXBuildFile; fileRef = C500CC7EFDF15A1FB63FAE5D /* YouiDesignSystemPanel.cpp */; };
		C500CA63A88B1923C71550FE /* ImguiWindowsFileIO.cpp in Sources */ = {isa = PBXBuildFile; fileRef = C500C59FC0C129E89DDAA7A9 /* ImguiWindowsFileIO.cpp */; };
/* End PBXBuildFile section */

/* Begin PBXFileReference section */
		07A82ED62139413C0078D120 /* imgui_internal.h */ = {isa = PBXFileReference; fileEncoding = 4; lastKnownFileType = sourcecode.c.h; name = imgui_internal.h; path = ../../imgui_internal.h; sourceTree = "<group>"; };
		07A82ED72139413C0078D120 /* imgui_widgets.cpp */ = {isa = PBXFileReference; fileEncoding = 4; lastKnownFileType = sourcecode.cpp.cpp; name = imgui_widgets.cpp; path = ../../imgui_widgets.cpp; sourceTree = "<group>"; };
		8307E7BB20E9F9C700473790 /* Renderer.h */ = {isa = PBXFileReference; lastKnownFileType = sourcecode.c.h; path = Renderer.h; sourceTree = "<group>"; };
		8307E7BC20E9F9C700473790 /* Renderer.mm */ = {isa = PBXFileReference; lastKnownFileType = sourcecode.cpp.objcpp; path = Renderer.mm; sourceTree = "<group>"; };
		8307E7C420E9F9C900473790 /* example_apple_metal.app */ = {isa = PBXFileReference; explicitFileType = wrapper.application; includeInIndex = 0; path = example_apple_metal.app; sourceTree = BUILT_PRODUCTS_DIR; };
		8307E7CA20E9F9C900473790 /* ViewController.h */ = {isa = PBXFileReference; lastKnownFileType = sourcecode.c.h; path = ViewController.h; sourceTree = "<group>"; };
		8307E7CB20E9F9C900473790 /* ViewController.mm */ = {isa = PBXFileReference; lastKnownFileType = sourcecode.cpp.objcpp; path = ViewController.mm; sourceTree = "<group>"; };
		8307E7CE20E9F9C900473790 /* Base */ = {isa = PBXFileReference; lastKnownFileType = file.storyboard; name = Base; path = Base.lproj/Main.storyboard; sourceTree = "<group>"; };
		8307E7D320E9F9C900473790 /* Info-iOS.plist */ = {isa = PBXFileReference; lastKnownFileType = text.plist.xml; path = "Info-iOS.plist"; sourceTree = "<group>"; };
		8307E7DA20E9F9C900473790 /* example_apple_metal.app */ = {isa = PBXFileReference; explicitFileType = wrapper.application; includeInIndex = 0; path = example_apple_metal.app; sourceTree = BUILT_PRODUCTS_DIR; };
		8307E7DC20E9F9C900473790 /* AppDelegate.h */ = {isa = PBXFileReference; lastKnownFileType = sourcecode.c.h; path = AppDelegate.h; sourceTree = "<group>"; };
		8307E7DD20E9F9C900473790 /* AppDelegate.m */ = {isa = PBXFileReference; lastKnownFileType = sourcecode.c.objc; path = AppDelegate.m; sourceTree = "<group>"; };
		8307E7E320E9F9C900473790 /* Base */ = {isa = PBXFileReference; lastKnownFileType = file.storyboard; name = Base; path = Base.lproj/Main.storyboard; sourceTree = "<group>"; };
		8307E7E520E9F9C900473790 /* Info-macOS.plist */ = {isa = PBXFileReference; lastKnownFileType = text.plist.xml; path = "Info-macOS.plist"; sourceTree = "<group>"; };
		8307E7E620E9F9C900473790 /* main.m */ = {isa = PBXFileReference; lastKnownFileType = sourcecode.c.objc; path = main.m; sourceTree = "<group>"; };
		836D2A2C20EE208D0098E909 /* imgui_impl_osx.h */ = {isa = PBXFileReference; fileEncoding = 4; lastKnownFileType = sourcecode.c.h; name = imgui_impl_osx.h; path = ../../imgui_impl_osx.h; sourceTree = "<group>"; };
		836D2A2D20EE208E0098E909 /* imgui_impl_osx.mm */ = {isa = PBXFileReference; fileEncoding = 4; lastKnownFileType = sourcecode.cpp.objcpp; name = imgui_impl_osx.mm; path = ../../imgui_impl_osx.mm; sourceTree = "<group>"; };
		836D2A2F20EE4A180098E909 /* Default-568h@2x.png */ = {isa = PBXFileReference; lastKnownFileType = image.png; path = "Default-568h@2x.png"; sourceTree = "<group>"; };
		836D2A3120EE4A900098E909 /* Launch Screen.storyboard */ = {isa = PBXFileReference; lastKnownFileType = file.storyboard; path = "Launch Screen.storyboard"; sourceTree = "<group>"; };
		83BBE9E420EB46B900295997 /* Metal.framework */ = {isa = PBXFileReference; lastKnownFileType = wrapper.framework; name = Metal.framework; path = Platforms/iPhoneOS.platform/Developer/SDKs/iPhoneOS11.4.sdk/System/Library/Frameworks/Metal.framework; sourceTree = DEVELOPER_DIR; };
		83BBE9E620EB46BD00295997 /* MetalKit.framework */ = {isa = PBXFileReference; lastKnownFileType = wrapper.framework; name = MetalKit.framework; path = Platforms/iPhoneOS.platform/Developer/SDKs/iPhoneOS11.4.sdk/System/Library/Frameworks/MetalKit.framework; sourceTree = DEVELOPER_DIR; };
		83BBE9E820EB46C100295997 /* ModelIO.framework */ = {isa = PBXFileReference; lastKnownFileType = wrapper.framework; name = ModelIO.framework; path = Platforms/iPhoneOS.platform/Developer/SDKs/iPhoneOS11.4.sdk/System/Library/Frameworks/ModelIO.framework; sourceTree = DEVELOPER_DIR; };
		83BBE9EA20EB471700295997 /* MetalKit.framework */ = {isa = PBXFileReference; lastKnownFileType = wrapper.framework; name = MetalKit.framework; path = System/Library/Frameworks/MetalKit.framework; sourceTree = SDKROOT; };
		83BBE9EB20EB471700295997 /* Metal.framework */ = {isa = PBXFileReference; lastKnownFileType = wrapper.framework; name = Metal.framework; path = System/Library/Frameworks/Metal.framework; sourceTree = SDKROOT; };
		83BBE9EE20EB471C00295997 /* ModelIO.framework */ = {isa = PBXFileReference; lastKnownFileType = wrapper.framework; name = ModelIO.framework; path = System/Library/Frameworks/ModelIO.framework; sourceTree = SDKROOT; };
		83BBE9FC20EB54D800295997 /* imgui_impl_metal.h */ = {isa = PBXFileReference; fileEncoding = 4; lastKnownFileType = sourcecode.c.h; name = imgui_impl_metal.h; path = ../../imgui_impl_metal.h; sourceTree = "<group>"; };
		83BBE9FD20EB54D800295997 /* imgui_impl_metal.mm */ = {isa = PBXFileReference; fileEncoding = 4; lastKnownFileType = sourcecode.cpp.objcpp; name = imgui_impl_metal.mm; path = ../../imgui_impl_metal.mm; sourceTree = "<group>"; };
		83BBEA0020EB54E700295997 /* imgui.h */ = {isa = PBXFileReference; fileEncoding = 4; lastKnownFileType = sourcecode.c.h; name = imgui.h; path = ../../imgui.h; sourceTree = "<group>"; };
		83BBEA0120EB54E700295997 /* imgui_draw.cpp */ = {isa = PBXFileReference; fileEncoding = 4; lastKnownFileType = sourcecode.cpp.cpp; name = imgui_draw.cpp; path = ../../imgui_draw.cpp; sourceTree = "<group>"; };
		83BBEA0220EB54E700295997 /* imgui_demo.cpp */ = {isa = PBXFileReference; fileEncoding = 4; lastKnownFileType = sourcecode.cpp.cpp; name = imgui_demo.cpp; path = ../../imgui_demo.cpp; sourceTree = "<group>"; };
		83BBEA0320EB54E700295997 /* imgui.cpp */ = {isa = PBXFileReference; fileEncoding = 4; lastKnownFileType = sourcecode.cpp.cpp; name = imgui.cpp; path = ../../imgui.cpp; sourceTree = "<group>"; };
		83BBEA0420EB54E700295997 /* imconfig.h */ = {isa = PBXFileReference; fileEncoding = 4; lastKnownFileType = sourcecode.c.h; name = imconfig.h; path = ../../imconfig.h; sourceTree = "<group>"; };
		C500C000B375E5315391EB0D /* SourceCodePro-Black.ttf */ = {isa = PBXFileReference; lastKnownFileType = file.ttf; path = "SourceCodePro-Black.ttf"; sourceTree = "<group>"; };
		C500C0AEBFCE9C0D383B1AAB /* SourceCodePro-Bold.ttf */ = {isa = PBXFileReference; lastKnownFileType = file.ttf; path = "SourceCodePro-Bold.ttf"; sourceTree = "<group>"; };
		C500C0E80E7E29F61A38FAA0 /* OFL.txt */ = {isa = PBXFileReference; fileEncoding = 4; lastKnownFileType = text; path = OFL.txt; sourceTree = "<group>"; };
		C500C13ABDF968C2688CC2AF /* IBMPlexMono-Light.ttf */ = {isa = PBXFileReference; lastKnownFileType = file.ttf; path = "IBMPlexMono-Light.ttf"; sourceTree = "<group>"; };
		C500C1540558A61183CD56DB /* SourceCodePro-Regular.ttf */ = {isa = PBXFileReference; lastKnownFileType = file.ttf; path = "SourceCodePro-Regular.ttf"; sourceTree = "<group>"; };
		C500C15924ABF33DD0A46F93 /* Roboto-Regular.ttf */ = {isa = PBXFileReference; lastKnownFileType = file.ttf; path = "Roboto-Regular.ttf"; sourceTree = "<group>"; };
		C500C174D072261D264052B0 /* Raleway-ExtraBold.ttf */ = {isa = PBXFileReference; lastKnownFileType = file.ttf; path = "Raleway-ExtraBold.ttf"; sourceTree = "<group>"; };
		C500C1B77A54202F2847EE48 /* Roboto-Black.ttf */ = {isa = PBXFileReference; lastKnownFileType = file.ttf; path = "Roboto-Black.ttf"; sourceTree = "<group>"; };
		C500C1DFF1F55DF924E95E28 /* Raleway-ExtraLight.ttf */ = {isa = PBXFileReference; lastKnownFileType = file.ttf; path = "Raleway-ExtraLight.ttf"; sourceTree = "<group>"; };
		C500C20E7B30E6EBAADF5D77 /* SourceCodePro-SemiBoldItalic.ttf */ = {isa = PBXFileReference; lastKnownFileType = file.ttf; path = "SourceCodePro-SemiBoldItalic.ttf"; sourceTree = "<group>"; };
		C500C239502963D7FB637C50 /* Raleway-Bold.ttf */ = {isa = PBXFileReference; lastKnownFileType = file.ttf; path = "Raleway-Bold.ttf"; sourceTree = "<group>"; };
		C500C25DBB6147191FAEF386 /* ImguiWindowsFileIO.hpp */ = {isa = PBXFileReference; fileEncoding = 4; lastKnownFileType = sourcecode.cpp.h; path = ImguiWindowsFileIO.hpp; sourceTree = "<group>"; };
		C500C27FAC1481B43410C7BE /* IBMPlexMono-Bold.ttf */ = {isa = PBXFileReference; lastKnownFileType = file.ttf; path = "IBMPlexMono-Bold.ttf"; sourceTree = "<group>"; };
		C500C298ABEB2A323A5AEBB1 /* OFL.txt */ = {isa = PBXFileReference; fileEncoding = 4; lastKnownFileType = text; path = OFL.txt; sourceTree = "<group>"; };
		C500C2BCFD7680B863FE36E0 /* OFL.txt */ = {isa = PBXFileReference; fileEncoding = 4; lastKnownFileType = text; path = OFL.txt; sourceTree = "<group>"; };
		C500C2E8984379203E01551D /* SourceCodePro-Italic.ttf */ = {isa = PBXFileReference; lastKnownFileType = file.ttf; path = "SourceCodePro-Italic.ttf"; sourceTree = "<group>"; };
		C500C2EA9EC295AE7467706B /* FiraCode-Light.ttf */ = {isa = PBXFileReference; lastKnownFileType = file.ttf; path = "FiraCode-Light.ttf"; sourceTree = "<group>"; };
		C500C346E1B51ACA78C01B9B /* RobotoMono-LightItalic.ttf */ = {isa = PBXFileReference; lastKnownFileType = file.ttf; path = "RobotoMono-LightItalic.ttf"; sourceTree = "<group>"; };
		C500C34F0AEB536A6B363F60 /* SourceCodePro-Medium.ttf */ = {isa = PBXFileReference; lastKnownFileType = file.ttf; path = "SourceCodePro-Medium.ttf"; sourceTree = "<group>"; };
		C500C36A0F0A612FD5A8B1AE /* Roboto-Medium.ttf */ = {isa = PBXFileReference; lastKnownFileType = file.ttf; path = "Roboto-Medium.ttf"; sourceTree = "<group>"; };
		C500C3D950ECC20B1195DDF4 /* RobotoMono-Light.ttf */ = {isa = PBXFileReference; lastKnownFileType = file.ttf; path = "RobotoMono-Light.ttf"; sourceTree = "<group>"; };
		C500C3FC1C7E647D191FFA4D /* FiraCode-Medium.ttf */ = {isa = PBXFileReference; lastKnownFileType = file.ttf; path = "FiraCode-Medium.ttf"; sourceTree = "<group>"; };
		C500C40A19CE8B4C31C36F8A /* B612Mono-BoldItalic.ttf */ = {isa = PBXFileReference; lastKnownFileType = file.ttf; path = "B612Mono-BoldItalic.ttf"; sourceTree = "<group>"; };
		C500C432E699983C18F86591 /* RobotoMono-Bold.ttf */ = {isa = PBXFileReference; lastKnownFileType = file.ttf; path = "RobotoMono-Bold.ttf"; sourceTree = "<group>"; };
		C500C4554A962A1AEA2D8D97 /* IBMPlexMono-Thin.ttf */ = {isa = PBXFileReference; lastKnownFileType = file.ttf; path = "IBMPlexMono-Thin.ttf"; sourceTree = "<group>"; };
		C500C4582BE8472DD13F8C7E /* OxygenMono-Regular.ttf */ = {isa = PBXFileReference; lastKnownFileType = file.ttf; path = "OxygenMono-Regular.ttf"; sourceTree = "<group>"; };
		C500C46E43D3A5749C0DA58E /* DroidSans.ttf */ = {isa = PBXFileReference; lastKnownFileType = file.ttf; path = DroidSans.ttf; sourceTree = "<group>"; };
		C500C479D4AACC9F39F3ED2C /* designsystem.h */ = {isa = PBXFileReference; fileEncoding = 4; lastKnownFileType = sourcecode.c.h; path = designsystem.h; sourceTree = "<group>"; };
		C500C54878FF0D891BB01123 /* RobotoMono-MediumItalic.ttf */ = {isa = PBXFileReference; lastKnownFileType = file.ttf; path = "RobotoMono-MediumItalic.ttf"; sourceTree = "<group>"; };
		C500C59C769688AC85B3DCED /* SourceCodePro-BlackItalic.ttf */ = {isa = PBXFileReference; lastKnownFileType = file.ttf; path = "SourceCodePro-BlackItalic.ttf"; sourceTree = "<group>"; };
		C500C59FC0C129E89DDAA7A9 /* ImguiWindowsFileIO.cpp */ = {isa = PBXFileReference; fileEncoding = 4; lastKnownFileType = sourcecode.cpp.cpp; path = ImguiWindowsFileIO.cpp; sourceTree = "<group>"; };
		C500C5DCF57D94BC5E87CD5C /* CourierPrime-Regular.ttf */ = {isa = PBXFileReference; lastKnownFileType = file.ttf; path = "CourierPrime-Regular.ttf"; sourceTree = "<group>"; };
		C500C5E9B2C63A2518ED6227 /* RobotoMono-Thin.ttf */ = {isa = PBXFileReference; lastKnownFileType = file.ttf; path = "RobotoMono-Thin.ttf"; sourceTree = "<group>"; };
		C500C5FF4738A58ADA34886F /* Cousine-BoldItalic.ttf */ = {isa = PBXFileReference; lastKnownFileType = file.ttf; path = "Cousine-BoldItalic.ttf"; sourceTree = "<group>"; };
		C500C635704AB5F55CF35046 /* fa-brands-400.ttf */ = {isa = PBXFileReference; lastKnownFileType = file.ttf; path = "fa-brands-400.ttf"; sourceTree = "<group>"; };
		C500C65FD91DA7861F8BD8B5 /* FiraMono-Medium.ttf */ = {isa = PBXFileReference; lastKnownFileType = file.ttf; path = "FiraMono-Medium.ttf"; sourceTree = "<group>"; };
		C500C671D8632612352C4555 /* FiraCode-SemiBold.ttf */ = {isa = PBXFileReference; lastKnownFileType = file.ttf; path = "FiraCode-SemiBold.ttf"; sourceTree = "<group>"; };
		C500C6A943E730B126615B00 /* OFL.txt */ = {isa = PBXFileReference; fileEncoding = 4; lastKnownFileType = text; path = OFL.txt; sourceTree = "<group>"; };
		C500C6F0DFFC0C3E669836A6 /* RobotoMono-Italic.ttf */ = {isa = PBXFileReference; lastKnownFileType = file.ttf; path = "RobotoMono-Italic.ttf"; sourceTree = "<group>"; };
		C500C709232140A272CAC258 /* RobotoMono-BoldItalic.ttf */ = {isa = PBXFileReference; lastKnownFileType = file.ttf; path = "RobotoMono-BoldItalic.ttf"; sourceTree = "<group>"; };
		C500C715B9A8765A20ACE556 /* IBMPlexMono-SemiBold.ttf */ = {isa = PBXFileReference; lastKnownFileType = file.ttf; path = "IBMPlexMono-SemiBold.ttf"; sourceTree = "<group>"; };
		C500C71B6CD1DB0C23DD81F3 /* IBMPlexMono-ExtraLight.ttf */ = {isa = PBXFileReference; lastKnownFileType = file.ttf; path = "IBMPlexMono-ExtraLight.ttf"; sourceTree = "<group>"; };
		C500C72ABCA48279C9F1FA45 /* SourceCodePro-SemiBold.ttf */ = {isa = PBXFileReference; lastKnownFileType = file.ttf; path = "SourceCodePro-SemiBold.ttf"; sourceTree = "<group>"; };
		C500C73C7BB7473CFED257EC /* Raleway-Light.ttf */ = {isa = PBXFileReference; lastKnownFileType = file.ttf; path = "Raleway-Light.ttf"; sourceTree = "<group>"; };
		C500C74A10C1BE2C894F4788 /* fa-regular-400.ttf */ = {isa = PBXFileReference; lastKnownFileType = file.ttf; path = "fa-regular-400.ttf"; sourceTree = "<group>"; };
		C500C74CC2862AD3EAB4C953 /* YouiDesignSystemPanel.h */ = {isa = PBXFileReference; fileEncoding = 4; lastKnownFileType = sourcecode.c.h; path = YouiDesignSystemPanel.h; sourceTree = "<group>"; };
		C500C764CA2983EC3C76D865 /* IBMPlexMono-ExtraLightItalic.ttf */ = {isa = PBXFileReference; lastKnownFileType = file.ttf; path = "IBMPlexMono-ExtraLightItalic.ttf"; sourceTree = "<group>"; };
		C500C77DBE6DFEAC44281E4A /* SourceCodePro-ExtraLight.ttf */ = {isa = PBXFileReference; lastKnownFileType = file.ttf; path = "SourceCodePro-ExtraLight.ttf"; sourceTree = "<group>"; };
		C500C78895616C9AF16E1689 /* MajorMonoDisplay-Regular.ttf */ = {isa = PBXFileReference; lastKnownFileType = file.ttf; path = "MajorMonoDisplay-Regular.ttf"; sourceTree = "<group>"; };
		C500C7B42E06ADC701DA7D93 /* Raleway-ExtraBoldItalic.ttf */ = {isa = PBXFileReference; lastKnownFileType = file.ttf; path = "Raleway-ExtraBoldItalic.ttf"; sourceTree = "<group>"; };
		C500C7C3F7087BF55FE43C64 /* Raleway-ExtraLightItalic.ttf */ = {isa = PBXFileReference; lastKnownFileType = file.ttf; path = "Raleway-ExtraLightItalic.ttf"; sourceTree = "<group>"; };
		C500C808CFD71EBD8F07CB7A /* FiraCode-VariableFont:wght.ttf */ = {isa = PBXFileReference; lastKnownFileType = file.ttf; path = "FiraCode-VariableFont:wght.ttf"; sourceTree = "<group>"; };
		C500C81B5452A922D409C58E /* picojson.h */ = {isa = PBXFileReference; fileEncoding = 4; lastKnownFileType = sourcecode.c.h; path = picojson.h; sourceTree = "<group>"; };
		C500C8517F6CB8693FF9E8BB /* IBMPlexMono-SemiBoldItalic.ttf */ = {isa = PBXFileReference; lastKnownFileType = file.ttf; path = "IBMPlexMono-SemiBoldItalic.ttf"; sourceTree = "<group>"; };
		C500C85692DD676604521F9C /* CourierPrime-BoldItalic.ttf */ = {isa = PBXFileReference; lastKnownFileType = file.ttf; path = "CourierPrime-BoldItalic.ttf"; sourceTree = "<group>"; };
		C500C8572CC8ACE952E55434 /* FiraCode-Bold.ttf */ = {isa = PBXFileReference; lastKnownFileType = file.ttf; path = "FiraCode-Bold.ttf"; sourceTree = "<group>"; };
		C500C8838F88C28767A9F30D /* FiraMono-Bold.ttf */ = {isa = PBXFileReference; lastKnownFileType = file.ttf; path = "FiraMono-Bold.ttf"; sourceTree = "<group>"; };
		C500C8975B014D8F474E9BE2 /* IBMPlexMono-ThinItalic.ttf */ = {isa = PBXFileReference; lastKnownFileType = file.ttf; path = "IBMPlexMono-ThinItalic.ttf"; sourceTree = "<group>"; };
		C500C8A8FB815D555CDB7A1E /* PTMono-Regular.ttf */ = {isa = PBXFileReference; lastKnownFileType = file.ttf; path = "PTMono-Regular.ttf"; sourceTree = "<group>"; };
		C500C8AA8EA8983ABB3D75F1 /* IBMPlexMono-Italic.ttf */ = {isa = PBXFileReference; lastKnownFileType = file.ttf; path = "IBMPlexMono-Italic.ttf"; sourceTree = "<group>"; };
		C500C8B4935B7E25684DA29C /* IBMPlexMono-BoldItalic.ttf */ = {isa = PBXFileReference; lastKnownFileType = file.ttf; path = "IBMPlexMono-BoldItalic.ttf"; sourceTree = "<group>"; };
		C500C8D687FA3516D459A5EC /* json.hpp */ = {isa = PBXFileReference; fileEncoding = 4; lastKnownFileType = sourcecode.cpp.h; path = json.hpp; sourceTree = "<group>"; };
		C500C8FB1986F32762A40A01 /* Cousine-Regular.ttf */ = {isa = PBXFileReference; lastKnownFileType = file.ttf; path = "Cousine-Regular.ttf"; sourceTree = "<group>"; };
		C500C94752445B2C69C6EFAD /* ShareTechMono-Regular.ttf */ = {isa = PBXFileReference; lastKnownFileType = file.ttf; path = "ShareTechMono-Regular.ttf"; sourceTree = "<group>"; };
		C500C96299DCDFE5A5671776 /* RobotoMono-Regular.ttf */ = {isa = PBXFileReference; lastKnownFileType = file.ttf; path = "RobotoMono-Regular.ttf"; sourceTree = "<group>"; };
		C500C992D2E233D408594BEA /* fa-solid-900.ttf */ = {isa = PBXFileReference; lastKnownFileType = file.ttf; path = "fa-solid-900.ttf"; sourceTree = "<group>"; };
		C500C9983AF5D11268673ADA /* OFL.txt */ = {isa = PBXFileReference; fileEncoding = 4; lastKnownFileType = text; path = OFL.txt; sourceTree = "<group>"; };
		C500C99FFE6CACC375E94BA5 /* OFL.txt */ = {isa = PBXFileReference; fileEncoding = 4; lastKnownFileType = text; path = OFL.txt; sourceTree = "<group>"; };
		C500C9BA882CF4CB43E49514 /* RobotoMono-Medium.ttf */ = {isa = PBXFileReference; lastKnownFileType = file.ttf; path = "RobotoMono-Medium.ttf"; sourceTree = "<group>"; };
		C500C9C157E2DFC7BFC5A207 /* Raleway-Thin.ttf */ = {isa = PBXFileReference; lastKnownFileType = file.ttf; path = "Raleway-Thin.ttf"; sourceTree = "<group>"; };
		C500C9E99FC4C946920CA63D /* SpaceMono-Regular.ttf */ = {isa = PBXFileReference; lastKnownFileType = file.ttf; path = "SpaceMono-Regular.ttf"; sourceTree = "<group>"; };
		C500C9F48801E1A2FBF9F8F3 /* Raleway-Regular.ttf */ = {isa = PBXFileReference; lastKnownFileType = file.ttf; path = "Raleway-Regular.ttf"; sourceTree = "<group>"; };
		C500CA6FE692DB22D8FE4A6D /* OFL.txt */ = {isa = PBXFileReference; fileEncoding = 4; lastKnownFileType = text; path = OFL.txt; sourceTree = "<group>"; };
		C500CA7AE23BA1B747215C5D /* SpaceMono-BoldItalic.ttf */ = {isa = PBXFileReference; lastKnownFileType = file.ttf; path = "SpaceMono-BoldItalic.ttf"; sourceTree = "<group>"; };
		C500CA7F0C0C48DB28DB558C /* B612Mono-Regular.ttf */ = {isa = PBXFileReference; lastKnownFileType = file.ttf; path = "B612Mono-Regular.ttf"; sourceTree = "<group>"; };
		C500CA954C2C3DC5C92C31EE /* README */ = {isa = PBXFileReference; fileEncoding = 4; lastKnownFileType = text; path = README; sourceTree = "<group>"; };
		C500CAA55D575432D0CA1E77 /* ProggyTiny.ttf */ = {isa = PBXFileReference; lastKnownFileType = file.ttf; path = ProggyTiny.ttf; sourceTree = "<group>"; };
		C500CAB108ED93D5782F14FA /* SourceCodePro-LightItalic.ttf */ = {isa = PBXFileReference; lastKnownFileType = file.ttf; path = "SourceCodePro-LightItalic.ttf"; sourceTree = "<group>"; };
		C500CAB5F9D16865B304F589 /* SpaceMono-Bold.ttf */ = {isa = PBXFileReference; lastKnownFileType = file.ttf; path = "SpaceMono-Bold.ttf"; sourceTree = "<group>"; };
		C500CACB355A397859F37CE6 /* CourierPrime-Bold.ttf */ = {isa = PBXFileReference; lastKnownFileType = file.ttf; path = "CourierPrime-Bold.ttf"; sourceTree = "<group>"; };
		C500CAE1FBF1A9C3E7EFC773 /* SourceCodePro-Light.ttf */ = {isa = PBXFileReference; lastKnownFileType = file.ttf; path = "SourceCodePro-Light.ttf"; sourceTree = "<group>"; };
		C500CAE855AA6403A7C39F10 /* Raleway-Italic.ttf */ = {isa = PBXFileReference; lastKnownFileType = file.ttf; path = "Raleway-Italic.ttf"; sourceTree = "<group>"; };
		C500CAF066F4A08D7A6CB466 /* LICENSE.txt */ = {isa = PBXFileReference; fileEncoding = 4; lastKnownFileType = text; path = LICENSE.txt; sourceTree = "<group>"; };
		C500CB1AC260565AF7D46CF8 /* FiraMono-Regular.ttf */ = {isa = PBXFileReference; lastKnownFileType = file.ttf; path = "FiraMono-Regular.ttf"; sourceTree = "<group>"; };
		C500CB2664F55AFCF309A942 /* IBMPlexMono-LightItalic.ttf */ = {isa = PBXFileReference; lastKnownFileType = file.ttf; path = "IBMPlexMono-LightItalic.ttf"; sourceTree = "<group>"; };
		C500CB9CAB3E112369C6CF20 /* B612Mono-Italic.ttf */ = {isa = PBXFileReference; lastKnownFileType = file.ttf; path = "B612Mono-Italic.ttf"; sourceTree = "<group>"; };
		C500CBEA1DEB9BE52AD3CE69 /* OFL.txt */ = {isa = PBXFileReference; fileEncoding = 4; lastKnownFileType = text; path = OFL.txt; sourceTree = "<group>"; };
		C500CBFE0289E42B4D727405 /* Raleway-BlackItalic.ttf */ = {isa = PBXFileReference; lastKnownFileType = file.ttf; path = "Raleway-BlackItalic.ttf"; sourceTree = "<group>"; };
		C500CC0E3258B2253BA1AA50 /* Raleway-Medium.ttf */ = {isa = PBXFileReference; lastKnownFileType = file.ttf; path = "Raleway-Medium.ttf"; sourceTree = "<group>"; };
		C500CC1AA74ACD493BD9D18F /* RobotoMono-ThinItalic.ttf */ = {isa = PBXFileReference; lastKnownFileType = file.ttf; path = "RobotoMono-ThinItalic.ttf"; sourceTree = "<group>"; };
		C500CC679B056456A4E547ED /* SourceCodePro-MediumItalic.ttf */ = {isa = PBXFileReference; lastKnownFileType = file.ttf; path = "SourceCodePro-MediumItalic.ttf"; sourceTree = "<group>"; };
		C500CC73FEA9869C259133C9 /* OFL.txt */ = {isa = PBXFileReference; fileEncoding = 4; lastKnownFileType = text; path = OFL.txt; sourceTree = "<group>"; };
		C500CC7EFDF15A1FB63FAE5D /* YouiDesignSystemPanel.cpp */ = {isa = PBXFileReference; fileEncoding = 4; lastKnownFileType = sourcecode.cpp.cpp; path = YouiDesignSystemPanel.cpp; sourceTree = "<group>"; };
		C500CC8BDFF18C33E0363051 /* Raleway-SemiBold.ttf */ = {isa = PBXFileReference; lastKnownFileType = file.ttf; path = "Raleway-SemiBold.ttf"; sourceTree = "<group>"; };
		C500CC8F2B0D7F84BBE3DD40 /* Raleway-BoldItalic.ttf */ = {isa = PBXFileReference; lastKnownFileType = file.ttf; path = "Raleway-BoldItalic.ttf"; sourceTree = "<group>"; };
		C500CCA4ED6D46E7173ADF4F /* B612Mono-Bold.ttf */ = {isa = PBXFileReference; lastKnownFileType = file.ttf; path = "B612Mono-Bold.ttf"; sourceTree = "<group>"; };
		C500CCA8DC8896B39751FC19 /* OFL.txt */ = {isa = PBXFileReference; fileEncoding = 4; lastKnownFileType = text; path = OFL.txt; sourceTree = "<group>"; };
		C500CD13381FA6988190696D /* Karla-Regular.ttf */ = {isa = PBXFileReference; lastKnownFileType = file.ttf; path = "Karla-Regular.ttf"; sourceTree = "<group>"; };
		C500CD355654DDBC917B2CA7 /* IBMPlexMono-Regular.ttf */ = {isa = PBXFileReference; lastKnownFileType = file.ttf; path = "IBMPlexMono-Regular.ttf"; sourceTree = "<group>"; };
		C500CD9793F54749128BA739 /* Cousine-Italic.ttf */ = {isa = PBXFileReference; lastKnownFileType = file.ttf; path = "Cousine-Italic.ttf"; sourceTree = "<group>"; };
		C500CDAD37C7B20DE55A455C /* Raleway-Black.ttf */ = {isa = PBXFileReference; lastKnownFileType = file.ttf; path = "Raleway-Black.ttf"; sourceTree = "<group>"; };
		C500CE10FB5D092E2FFDFC9B /* FiraCode-Regular.ttf */ = {isa = PBXFileReference; lastKnownFileType = file.ttf; path = "FiraCode-Regular.ttf"; sourceTree = "<group>"; };
		C500CE22ACA532E11D9D397C /* IBMPlexMono-MediumItalic.ttf */ = {isa = PBXFileReference; lastKnownFileType = file.ttf; path = "IBMPlexMono-MediumItalic.ttf"; sourceTree = "<group>"; };
		C500CE372F15EA48EB7300A7 /* SourceCodePro-ExtraLightItalic.ttf */ = {isa = PBXFileReference; lastKnownFileType = file.ttf; path = "SourceCodePro-ExtraLightItalic.ttf"; sourceTree = "<group>"; };
		C500CE59CC30F4F471C3D929 /* LICENSE.txt */ = {isa = PBXFileReference; fileEncoding = 4; lastKnownFileType = text; path = LICENSE.txt; sourceTree = "<group>"; };
		C500CE6C1F5C51918A93E0FA /* Raleway-SemiBoldItalic.ttf */ = {isa = PBXFileReference; lastKnownFileType = file.ttf; path = "Raleway-SemiBoldItalic.ttf"; sourceTree = "<group>"; };
		C500CEBC23B73A1F19BC3EEA /* OFL.txt */ = {isa = PBXFileReference; fileEncoding = 4; lastKnownFileType = text; path = OFL.txt; sourceTree = "<group>"; };
		C500CEC6EEA22B2D8E3E7EDE /* Raleway-MediumItalic.ttf */ = {isa = PBXFileReference; lastKnownFileType = file.ttf; path = "Raleway-MediumItalic.ttf"; sourceTree = "<group>"; };
		C500CEE78B82F7C8310257EF /* IconsFontAwesome5.h */ = {isa = PBXFileReference; fileEncoding = 4; lastKnownFileType = sourcecode.c.h; path = IconsFontAwesome5.h; sourceTree = "<group>"; };
		C500CEFAD90920A8AABF4124 /* SpaceMono-Italic.ttf */ = {isa = PBXFileReference; lastKnownFileType = file.ttf; path = "SpaceMono-Italic.ttf"; sourceTree = "<group>"; };
		C500CF3A3D1365D79B2B308D /* Cousine-Bold.ttf */ = {isa = PBXFileReference; lastKnownFileType = file.ttf; path = "Cousine-Bold.ttf"; sourceTree = "<group>"; };
		C500CF5669B0BE11C2A135E6 /* Raleway-LightItalic.ttf */ = {isa = PBXFileReference; lastKnownFileType = file.ttf; path = "Raleway-LightItalic.ttf"; sourceTree = "<group>"; };
		C500CF6749D6B49E15A6C37D /* Raleway-ThinItalic.ttf */ = {isa = PBXFileReference; lastKnownFileType = file.ttf; path = "Raleway-ThinItalic.ttf"; sourceTree = "<group>"; };
		C500CF77CE598A5C0F144ACC /* CourierPrime-Italic.ttf */ = {isa = PBXFileReference; lastKnownFileType = file.ttf; path = "CourierPrime-Italic.ttf"; sourceTree = "<group>"; };
		C500CF8D7C4A08DDCC2C1160 /* IBMPlexMono-Medium.ttf */ = {isa = PBXFileReference; lastKnownFileType = file.ttf; path = "IBMPlexMono-Medium.ttf"; sourceTree = "<group>"; };
		C500CFBCF2DFC03B9013A29D /* OFL.txt */ = {isa = PBXFileReference; fileEncoding = 4; lastKnownFileType = text; path = OFL.txt; sourceTree = "<group>"; };
		C500CFCDBEC2EF29CEE11F3B /* SourceCodePro-BoldItalic.ttf */ = {isa = PBXFileReference; lastKnownFileType = file.ttf; path = "SourceCodePro-BoldItalic.ttf"; sourceTree = "<group>"; };
/* End PBXFileReference section */

/* Begin PBXFrameworksBuildPhase section */
		8307E7C120E9F9C900473790 /* Frameworks */ = {
			isa = PBXFrameworksBuildPhase;
			buildActionMask = 2147483647;
			files = (
				83BBE9E920EB46C100295997 /* ModelIO.framework in Frameworks */,
				83BBE9E720EB46BD00295997 /* MetalKit.framework in Frameworks */,
				83BBE9E520EB46B900295997 /* Metal.framework in Frameworks */,
			);
			runOnlyForDeploymentPostprocessing = 0;
		};
		8307E7D720E9F9C900473790 /* Frameworks */ = {
			isa = PBXFrameworksBuildPhase;
			buildActionMask = 2147483647;
			files = (
				83BBE9EF20EB471C00295997 /* ModelIO.framework in Frameworks */,
				83BBE9EC20EB471700295997 /* MetalKit.framework in Frameworks */,
				83BBE9ED20EB471700295997 /* Metal.framework in Frameworks */,
			);
			runOnlyForDeploymentPostprocessing = 0;
		};
/* End PBXFrameworksBuildPhase section */

/* Begin PBXGroup section */
		8307E7B520E9F9C700473790 = {
			isa = PBXGroup;
			children = (
				83BBE9F020EB544400295997 /* imgui */,
				8307E7BA20E9F9C700473790 /* Shared */,
				8307E7C620E9F9C900473790 /* iOS */,
				8307E7DB20E9F9C900473790 /* macOS */,
				8307E7C520E9F9C900473790 /* Products */,
				83BBE9E320EB46B800295997 /* Frameworks */,
				C500C7B8E507A6AB699F9937 /* fonts */,
			);
			sourceTree = "<group>";
		};
		8307E7BA20E9F9C700473790 /* Shared */ = {
			isa = PBXGroup;
			children = (
				83BBE9FC20EB54D800295997 /* imgui_impl_metal.h */,
				83BBE9FD20EB54D800295997 /* imgui_impl_metal.mm */,
				836D2A2C20EE208D0098E909 /* imgui_impl_osx.h */,
				836D2A2D20EE208E0098E909 /* imgui_impl_osx.mm */,
				8307E7DC20E9F9C900473790 /* AppDelegate.h */,
				8307E7DD20E9F9C900473790 /* AppDelegate.m */,
				8307E7BB20E9F9C700473790 /* Renderer.h */,
				8307E7BC20E9F9C700473790 /* Renderer.mm */,
				8307E7CA20E9F9C900473790 /* ViewController.h */,
				8307E7CB20E9F9C900473790 /* ViewController.mm */,
				8307E7E620E9F9C900473790 /* main.m */,
				C500C59FC0C129E89DDAA7A9 /* ImguiWindowsFileIO.cpp */,
				C500C25DBB6147191FAEF386 /* ImguiWindowsFileIO.hpp */,
				C500CC7EFDF15A1FB63FAE5D /* YouiDesignSystemPanel.cpp */,
				C500C74CC2862AD3EAB4C953 /* YouiDesignSystemPanel.h */,
			);
			path = Shared;
			sourceTree = "<group>";
		};
		8307E7C520E9F9C900473790 /* Products */ = {
			isa = PBXGroup;
			children = (
				8307E7C420E9F9C900473790 /* example_apple_metal.app */,
				8307E7DA20E9F9C900473790 /* example_apple_metal.app */,
			);
			name = Products;
			sourceTree = "<group>";
		};
		8307E7C620E9F9C900473790 /* iOS */ = {
			isa = PBXGroup;
			children = (
				836D2A2F20EE4A180098E909 /* Default-568h@2x.png */,
				8307E7CD20E9F9C900473790 /* Main.storyboard */,
				8307E7D320E9F9C900473790 /* Info-iOS.plist */,
				836D2A3120EE4A900098E909 /* Launch Screen.storyboard */,
			);
			path = iOS;
			sourceTree = "<group>";
		};
		8307E7DB20E9F9C900473790 /* macOS */ = {
			isa = PBXGroup;
			children = (
				8307E7E220E9F9C900473790 /* Main.storyboard */,
				8307E7E520E9F9C900473790 /* Info-macOS.plist */,
			);
			path = macOS;
			sourceTree = "<group>";
		};
		83BBE9E320EB46B800295997 /* Frameworks */ = {
			isa = PBXGroup;
			children = (
				83BBE9EE20EB471C00295997 /* ModelIO.framework */,
				83BBE9EB20EB471700295997 /* Metal.framework */,
				83BBE9EA20EB471700295997 /* MetalKit.framework */,
				83BBE9E820EB46C100295997 /* ModelIO.framework */,
				83BBE9E620EB46BD00295997 /* MetalKit.framework */,
				83BBE9E420EB46B900295997 /* Metal.framework */,
			);
			name = Frameworks;
			sourceTree = "<group>";
		};
		83BBE9F020EB544400295997 /* imgui */ = {
			isa = PBXGroup;
			children = (
				83BBEA0420EB54E700295997 /* imconfig.h */,
				83BBEA0320EB54E700295997 /* imgui.cpp */,
				83BBEA0020EB54E700295997 /* imgui.h */,
				83BBEA0220EB54E700295997 /* imgui_demo.cpp */,
				83BBEA0120EB54E700295997 /* imgui_draw.cpp */,
				07A82ED62139413C0078D120 /* imgui_internal.h */,
				07A82ED72139413C0078D120 /* imgui_widgets.cpp */,
				C500C81B5452A922D409C58E /* picojson.h */,
				C500C869CD0582E49A3726A7 /* nlohmann */,
				C500CEE78B82F7C8310257EF /* IconsFontAwesome5.h */,
				C500CD13381FA6988190696D /* Karla-Regular.ttf */,
				C500C479D4AACC9F39F3ED2C /* designsystem.h */,
			);
			name = imgui;
			sourceTree = "<group>";
		};
		C500C0B1ECC4AC824AA4207D /* Fira_Code */ = {
			isa = PBXGroup;
			children = (
				C500CA954C2C3DC5C92C31EE /* README */,
				C500C2DC4DD1BD4FEB527A6B /* static */,
				C500CBEA1DEB9BE52AD3CE69 /* OFL.txt */,
				C500C808CFD71EBD8F07CB7A /* FiraCode-VariableFont:wght.ttf */,
			);
			path = Fira_Code;
			sourceTree = "<group>";
		};
		C500C167751C479FC17959B2 /* Cousine */ = {
			isa = PBXGroup;
			children = (
				C500CAF066F4A08D7A6CB466 /* LICENSE.txt */,
				C500CF3A3D1365D79B2B308D /* Cousine-Bold.ttf */,
				C500CD9793F54749128BA739 /* Cousine-Italic.ttf */,
				C500C8FB1986F32762A40A01 /* Cousine-Regular.ttf */,
				C500C5FF4738A58ADA34886F /* Cousine-BoldItalic.ttf */,
			);
			path = Cousine;
			sourceTree = "<group>";
		};
		C500C275B8F17782C05D3342 /* Fira_Mono */ = {
			isa = PBXGroup;
			children = (
				C500C99FFE6CACC375E94BA5 /* OFL.txt */,
				C500C8838F88C28767A9F30D /* FiraMono-Bold.ttf */,
				C500C65FD91DA7861F8BD8B5 /* FiraMono-Medium.ttf */,
				C500CB1AC260565AF7D46CF8 /* FiraMono-Regular.ttf */,
			);
			path = Fira_Mono;
			sourceTree = "<group>";
		};
		C500C29E627A8D99BB097ABB /* fontawesome */ = {
			isa = PBXGroup;
			children = (
				C500C992D2E233D408594BEA /* fa-solid-900.ttf */,
				C500C635704AB5F55CF35046 /* fa-brands-400.ttf */,
				C500C74A10C1BE2C894F4788 /* fa-regular-400.ttf */,
			);
			path = fontawesome;
			sourceTree = "<group>";
		};
		C500C2DC4DD1BD4FEB527A6B /* static */ = {
			isa = PBXGroup;
			children = (
				C500C8572CC8ACE952E55434 /* FiraCode-Bold.ttf */,
				C500C2EA9EC295AE7467706B /* FiraCode-Light.ttf */,
				C500C3FC1C7E647D191FFA4D /* FiraCode-Medium.ttf */,
				C500CE10FB5D092E2FFDFC9B /* FiraCode-Regular.ttf */,
				C500C671D8632612352C4555 /* FiraCode-SemiBold.ttf */,
			);
			path = static;
			sourceTree = "<group>";
		};
		C500C5249869FB54C532FF31 /* Courier_Prime */ = {
			isa = PBXGroup;
			children = (
				C500CC73FEA9869C259133C9 /* OFL.txt */,
				C500CACB355A397859F37CE6 /* CourierPrime-Bold.ttf */,
				C500CF77CE598A5C0F144ACC /* CourierPrime-Italic.ttf */,
				C500C5DCF57D94BC5E87CD5C /* CourierPrime-Regular.ttf */,
				C500C85692DD676604521F9C /* CourierPrime-BoldItalic.ttf */,
			);
			path = Courier_Prime;
			sourceTree = "<group>";
		};
		C500C587C469FE21AB9B384D /* Roboto */ = {
			isa = PBXGroup;
			children = (
				C500C1B77A54202F2847EE48 /* Roboto-Black.ttf */,
				C500C36A0F0A612FD5A8B1AE /* Roboto-Medium.ttf */,
				C500C15924ABF33DD0A46F93 /* Roboto-Regular.ttf */,
			);
			path = Roboto;
			sourceTree = "<group>";
		};
		C500C59098E8B5E97747BA9E /* Share_Tech_Mono */ = {
			isa = PBXGroup;
			children = (
				C500C6A943E730B126615B00 /* OFL.txt */,
				C500C94752445B2C69C6EFAD /* ShareTechMono-Regular.ttf */,
			);
			path = Share_Tech_Mono;
			sourceTree = "<group>";
		};
		C500C636E31B8AEE29C0AB0F /* PT_Mono */ = {
			isa = PBXGroup;
			children = (
				C500C0E80E7E29F61A38FAA0 /* OFL.txt */,
				C500C8A8FB815D555CDB7A1E /* PTMono-Regular.ttf */,
			);
			path = PT_Mono;
			sourceTree = "<group>";
		};
		C500C65B84EDE056356DFD17 /* Roboto_Mono */ = {
			isa = PBXGroup;
			children = (
				C500CE59CC30F4F471C3D929 /* LICENSE.txt */,
				C500C432E699983C18F86591 /* RobotoMono-Bold.ttf */,
				C500C5E9B2C63A2518ED6227 /* RobotoMono-Thin.ttf */,
				C500C3D950ECC20B1195DDF4 /* RobotoMono-Light.ttf */,
				C500C6F0DFFC0C3E669836A6 /* RobotoMono-Italic.ttf */,
				C500C9BA882CF4CB43E49514 /* RobotoMono-Medium.ttf */,
				C500C96299DCDFE5A5671776 /* RobotoMono-Regular.ttf */,
				C500C709232140A272CAC258 /* RobotoMono-BoldItalic.ttf */,
				C500CC1AA74ACD493BD9D18F /* RobotoMono-ThinItalic.ttf */,
				C500C346E1B51ACA78C01B9B /* RobotoMono-LightItalic.ttf */,
				C500C54878FF0D891BB01123 /* RobotoMono-MediumItalic.ttf */,
			);
			path = Roboto_Mono;
			sourceTree = "<group>";
		};
		C500C7B8E507A6AB699F9937 /* fonts */ = {
			isa = PBXGroup;
			children = (
				C500C587C469FE21AB9B384D /* Roboto */,
				C500C167751C479FC17959B2 /* Cousine */,
				C500C636E31B8AEE29C0AB0F /* PT_Mono */,
				C500CCBE2AB3A0960A9FDB00 /* B612_Mono */,
				C500CA17E748A8745765CEAC /* DroidSans */,
				C500C0B1ECC4AC824AA4207D /* Fira_Code */,
				C500C275B8F17782C05D3342 /* Fira_Mono */,
				C500CE12675C85513DB447A2 /* ProggyTiny */,
				C500C94CA23055BDE80301BF /* Space_Mono */,
				C500C29E627A8D99BB097ABB /* fontawesome */,
				C500CA95E9F5CEA71BA776DA /* Oxygen_Mono */,
				C500C65B84EDE056356DFD17 /* Roboto_Mono */,
				C500C5249869FB54C532FF31 /* Courier_Prime */,
				C500CF4EF1935A77A7E6104D /* IBM_Plex_Mono */,
				C500C59098E8B5E97747BA9E /* Share_Tech_Mono */,
				C500C8128F810B77029F308C /* Source_Code_Pro */,
				C500CA47205FDB25550AD57A /* Major_Mono_Display */,
				C500CC8D0DD4341923E1624A /* Raleway */,
			);
			path = fonts;
			sourceTree = "<group>";
		};
		C500C8128F810B77029F308C /* Source_Code_Pro */ = {
			isa = PBXGroup;
			children = (
				C500CA6FE692DB22D8FE4A6D /* OFL.txt */,
				C500C0AEBFCE9C0D383B1AAB /* SourceCodePro-Bold.ttf */,
				C500C000B375E5315391EB0D /* SourceCodePro-Black.ttf */,
				C500CAE1FBF1A9C3E7EFC773 /* SourceCodePro-Light.ttf */,
				C500C2E8984379203E01551D /* SourceCodePro-Italic.ttf */,
				C500C34F0AEB536A6B363F60 /* SourceCodePro-Medium.ttf */,
				C500C1540558A61183CD56DB /* SourceCodePro-Regular.ttf */,
				C500C72ABCA48279C9F1FA45 /* SourceCodePro-SemiBold.ttf */,
				C500CFCDBEC2EF29CEE11F3B /* SourceCodePro-BoldItalic.ttf */,
				C500C77DBE6DFEAC44281E4A /* SourceCodePro-ExtraLight.ttf */,
				C500C59C769688AC85B3DCED /* SourceCodePro-BlackItalic.ttf */,
				C500CAB108ED93D5782F14FA /* SourceCodePro-LightItalic.ttf */,
				C500CC679B056456A4E547ED /* SourceCodePro-MediumItalic.ttf */,
				C500C20E7B30E6EBAADF5D77 /* SourceCodePro-SemiBoldItalic.ttf */,
				C500CE372F15EA48EB7300A7 /* SourceCodePro-ExtraLightItalic.ttf */,
			);
			path = Source_Code_Pro;
			sourceTree = "<group>";
		};
		C500C869CD0582E49A3726A7 /* nlohmann */ = {
			isa = PBXGroup;
			children = (
				C500C8D687FA3516D459A5EC /* json.hpp */,
			);
			path = nlohmann;
			sourceTree = "<group>";
		};
		C500C94CA23055BDE80301BF /* Space_Mono */ = {
			isa = PBXGroup;
			children = (
				C500C298ABEB2A323A5AEBB1 /* OFL.txt */,
				C500CAB5F9D16865B304F589 /* SpaceMono-Bold.ttf */,
				C500CEFAD90920A8AABF4124 /* SpaceMono-Italic.ttf */,
				C500C9E99FC4C946920CA63D /* SpaceMono-Regular.ttf */,
				C500CA7AE23BA1B747215C5D /* SpaceMono-BoldItalic.ttf */,
			);
			path = Space_Mono;
			sourceTree = "<group>";
		};
		C500CA17E748A8745765CEAC /* DroidSans */ = {
			isa = PBXGroup;
			children = (
				C500C46E43D3A5749C0DA58E /* DroidSans.ttf */,
			);
			path = DroidSans;
			sourceTree = "<group>";
		};
		C500CA47205FDB25550AD57A /* Major_Mono_Display */ = {
			isa = PBXGroup;
			children = (
				C500CFBCF2DFC03B9013A29D /* OFL.txt */,
				C500C78895616C9AF16E1689 /* MajorMonoDisplay-Regular.ttf */,
			);
			path = Major_Mono_Display;
			sourceTree = "<group>";
		};
		C500CA95E9F5CEA71BA776DA /* Oxygen_Mono */ = {
			isa = PBXGroup;
			children = (
				C500C2BCFD7680B863FE36E0 /* OFL.txt */,
				C500C4582BE8472DD13F8C7E /* OxygenMono-Regular.ttf */,
			);
			path = Oxygen_Mono;
			sourceTree = "<group>";
		};
		C500CC8D0DD4341923E1624A /* Raleway */ = {
			isa = PBXGroup;
			children = (
				C500CCA8DC8896B39751FC19 /* OFL.txt */,
				C500C239502963D7FB637C50 /* Raleway-Bold.ttf */,
				C500C9C157E2DFC7BFC5A207 /* Raleway-Thin.ttf */,
				C500CDAD37C7B20DE55A455C /* Raleway-Black.ttf */,
				C500C73C7BB7473CFED257EC /* Raleway-Light.ttf */,
				C500CAE855AA6403A7C39F10 /* Raleway-Italic.ttf */,
				C500CC0E3258B2253BA1AA50 /* Raleway-Medium.ttf */,
				C500C9F48801E1A2FBF9F8F3 /* Raleway-Regular.ttf */,
				C500CC8BDFF18C33E0363051 /* Raleway-SemiBold.ttf */,
				C500C174D072261D264052B0 /* Raleway-ExtraBold.ttf */,
				C500CC8F2B0D7F84BBE3DD40 /* Raleway-BoldItalic.ttf */,
				C500C1DFF1F55DF924E95E28 /* Raleway-ExtraLight.ttf */,
				C500CF6749D6B49E15A6C37D /* Raleway-ThinItalic.ttf */,
				C500CBFE0289E42B4D727405 /* Raleway-BlackItalic.ttf */,
				C500CF5669B0BE11C2A135E6 /* Raleway-LightItalic.ttf */,
				C500CEC6EEA22B2D8E3E7EDE /* Raleway-MediumItalic.ttf */,
				C500CE6C1F5C51918A93E0FA /* Raleway-SemiBoldItalic.ttf */,
				C500C7B42E06ADC701DA7D93 /* Raleway-ExtraBoldItalic.ttf */,
				C500C7C3F7087BF55FE43C64 /* Raleway-ExtraLightItalic.ttf */,
			);
			path = Raleway;
			sourceTree = "<group>";
		};
		C500CCBE2AB3A0960A9FDB00 /* B612_Mono */ = {
			isa = PBXGroup;
			children = (
				C500CEBC23B73A1F19BC3EEA /* OFL.txt */,
				C500CCA4ED6D46E7173ADF4F /* B612Mono-Bold.ttf */,
				C500CB9CAB3E112369C6CF20 /* B612Mono-Italic.ttf */,
				C500CA7F0C0C48DB28DB558C /* B612Mono-Regular.ttf */,
				C500C40A19CE8B4C31C36F8A /* B612Mono-BoldItalic.ttf */,
			);
			path = B612_Mono;
			sourceTree = "<group>";
		};
		C500CE12675C85513DB447A2 /* ProggyTiny */ = {
			isa = PBXGroup;
			children = (
				C500CAA55D575432D0CA1E77 /* ProggyTiny.ttf */,
			);
			path = ProggyTiny;
			sourceTree = "<group>";
		};
		C500CF4EF1935A77A7E6104D /* IBM_Plex_Mono */ = {
			isa = PBXGroup;
			children = (
				C500C9983AF5D11268673ADA /* OFL.txt */,
				C500C27FAC1481B43410C7BE /* IBMPlexMono-Bold.ttf */,
				C500C4554A962A1AEA2D8D97 /* IBMPlexMono-Thin.ttf */,
				C500C13ABDF968C2688CC2AF /* IBMPlexMono-Light.ttf */,
				C500C8AA8EA8983ABB3D75F1 /* IBMPlexMono-Italic.ttf */,
				C500CF8D7C4A08DDCC2C1160 /* IBMPlexMono-Medium.ttf */,
				C500CD355654DDBC917B2CA7 /* IBMPlexMono-Regular.ttf */,
				C500C715B9A8765A20ACE556 /* IBMPlexMono-SemiBold.ttf */,
				C500C8B4935B7E25684DA29C /* IBMPlexMono-BoldItalic.ttf */,
				C500C71B6CD1DB0C23DD81F3 /* IBMPlexMono-ExtraLight.ttf */,
				C500C8975B014D8F474E9BE2 /* IBMPlexMono-ThinItalic.ttf */,
				C500CB2664F55AFCF309A942 /* IBMPlexMono-LightItalic.ttf */,
				C500CE22ACA532E11D9D397C /* IBMPlexMono-MediumItalic.ttf */,
				C500C8517F6CB8693FF9E8BB /* IBMPlexMono-SemiBoldItalic.ttf */,
				C500C764CA2983EC3C76D865 /* IBMPlexMono-ExtraLightItalic.ttf */,
			);
			path = IBM_Plex_Mono;
			sourceTree = "<group>";
		};
/* End PBXGroup section */

/* Begin PBXNativeTarget section */
		8307E7C320E9F9C900473790 /* example_apple_metal_ios */ = {
			isa = PBXNativeTarget;
			buildConfigurationList = 8307E7F020E9F9C900473790 /* Build configuration list for PBXNativeTarget "example_apple_metal_ios" */;
			buildPhases = (
				8307E7C020E9F9C900473790 /* Sources */,
				8307E7C120E9F9C900473790 /* Frameworks */,
				8307E7C220E9F9C900473790 /* Resources */,
			);
			buildRules = (
			);
			dependencies = (
			);
			name = example_apple_metal_ios;
			productName = "imguiex iOS";
			productReference = 8307E7C420E9F9C900473790 /* example_apple_metal.app */;
			productType = "com.apple.product-type.application";
		};
		8307E7D920E9F9C900473790 /* example_apple_metal_macos */ = {
			isa = PBXNativeTarget;
			buildConfigurationList = 8307E7F320E9F9C900473790 /* Build configuration list for PBXNativeTarget "example_apple_metal_macos" */;
			buildPhases = (
				8307E7D620E9F9C900473790 /* Sources */,
				8307E7D720E9F9C900473790 /* Frameworks */,
				8307E7D820E9F9C900473790 /* Resources */,
			);
			buildRules = (
			);
			dependencies = (
			);
			name = example_apple_metal_macos;
			productName = "imguiex macOS";
			productReference = 8307E7DA20E9F9C900473790 /* example_apple_metal.app */;
			productType = "com.apple.product-type.application";
		};
/* End PBXNativeTarget section */

/* Begin PBXProject section */
		8307E7B620E9F9C700473790 /* Project object */ = {
			isa = PBXProject;
			attributes = {
				LastUpgradeCheck = 0940;
				ORGANIZATIONNAME = "Warren Moore";
				TargetAttributes = {
					8307E7C320E9F9C900473790 = {
						CreatedOnToolsVersion = 9.4.1;
						ProvisioningStyle = Automatic;
					};
					8307E7D920E9F9C900473790 = {
						CreatedOnToolsVersion = 9.4.1;
						ProvisioningStyle = Automatic;
					};
				};
			};
			buildConfigurationList = 8307E7B920E9F9C700473790 /* Build configuration list for PBXProject "example_apple_metal" */;
			compatibilityVersion = "Xcode 8.0";
			developmentRegion = en;
			hasScannedForEncodings = 0;
			knownRegions = (
				en,
				Base,
			);
			mainGroup = 8307E7B520E9F9C700473790;
			productRefGroup = 8307E7C520E9F9C900473790 /* Products */;
			projectDirPath = "";
			projectRoot = "";
			targets = (
				8307E7C320E9F9C900473790 /* example_apple_metal_ios */,
				8307E7D920E9F9C900473790 /* example_apple_metal_macos */,
			);
		};
/* End PBXProject section */

/* Begin PBXResourcesBuildPhase section */
		8307E7C220E9F9C900473790 /* Resources */ = {
			isa = PBXResourcesBuildPhase;
			buildActionMask = 2147483647;
			files = (
				836D2A3220EE4A900098E909 /* Launch Screen.storyboard in Resources */,
				8307E7CF20E9F9C900473790 /* Main.storyboard in Resources */,
				836D2A3020EE4A180098E909 /* Default-568h@2x.png in Resources */,
			);
			runOnlyForDeploymentPostprocessing = 0;
		};
		8307E7D820E9F9C900473790 /* Resources */ = {
			isa = PBXResourcesBuildPhase;
			buildActionMask = 2147483647;
			files = (
				8307E7E420E9F9C900473790 /* Main.storyboard in Resources */,
			);
			runOnlyForDeploymentPostprocessing = 0;
		};
/* End PBXResourcesBuildPhase section */

/* Begin PBXSourcesBuildPhase section */
		8307E7C020E9F9C900473790 /* Sources */ = {
			isa = PBXSourcesBuildPhase;
			buildActionMask = 2147483647;
			files = (
				8307E7E820E9F9C900473790 /* Renderer.mm in Sources */,
				8307E7CC20E9F9C900473790 /* ViewController.mm in Sources */,
				83BBEA0520EB54E700295997 /* imgui_draw.cpp in Sources */,
				83BBE9DF20EB40AE00295997 /* AppDelegate.m in Sources */,
				83BBEA0920EB54E700295997 /* imgui.cpp in Sources */,
				83BBEA0720EB54E700295997 /* imgui_demo.cpp in Sources */,
				83BBE9FE20EB54D800295997 /* imgui_impl_metal.mm in Sources */,
				07A82ED82139413D0078D120 /* imgui_widgets.cpp in Sources */,
				83BBE9DE20EB3FFC00295997 /* main.m in Sources */,
				C500C910588C6CA1C7965F9D /* YouiDesignSystemPanel.cpp in Sources */,
			);
			runOnlyForDeploymentPostprocessing = 0;
		};
		8307E7D620E9F9C900473790 /* Sources */ = {
			isa = PBXSourcesBuildPhase;
			buildActionMask = 2147483647;
			files = (
				83BBE9E020EB42D000295997 /* ViewController.mm in Sources */,
				8307E7E920E9F9C900473790 /* Renderer.mm in Sources */,
				83BBEA0620EB54E700295997 /* imgui_draw.cpp in Sources */,
				07A82ED92139418F0078D120 /* imgui_widgets.cpp in Sources */,
				8307E7E720E9F9C900473790 /* main.m in Sources */,
				83BBEA0A20EB54E700295997 /* imgui.cpp in Sources */,
				83BBEA0820EB54E700295997 /* imgui_demo.cpp in Sources */,
				83BBE9FF20EB54D800295997 /* imgui_impl_metal.mm in Sources */,
				836D2A2E20EE208E0098E909 /* imgui_impl_osx.mm in Sources */,
				8307E7DE20E9F9C900473790 /* AppDelegate.m in Sources */,
				C500CA63A88B1923C71550FE /* ImguiWindowsFileIO.cpp in Sources */,
				C500C75864EFB96940CC4614 /* YouiDesignSystemPanel.cpp in Sources */,
			);
			runOnlyForDeploymentPostprocessing = 0;
		};
/* End PBXSourcesBuildPhase section */

/* Begin PBXVariantGroup section */
		8307E7CD20E9F9C900473790 /* Main.storyboard */ = {
			isa = PBXVariantGroup;
			children = (
				8307E7CE20E9F9C900473790 /* Base */,
			);
			name = Main.storyboard;
			sourceTree = "<group>";
		};
		8307E7E220E9F9C900473790 /* Main.storyboard */ = {
			isa = PBXVariantGroup;
			children = (
				8307E7E320E9F9C900473790 /* Base */,
			);
			name = Main.storyboard;
			sourceTree = "<group>";
		};
/* End PBXVariantGroup section */

/* Begin XCBuildConfiguration section */
		8307E7EE20E9F9C900473790 /* Debug */ = {
			isa = XCBuildConfiguration;
			buildSettings = {
				ALWAYS_SEARCH_USER_PATHS = NO;
				CLANG_ANALYZER_NONNULL = YES;
				CLANG_ANALYZER_NUMBER_OBJECT_CONVERSION = YES_AGGRESSIVE;
				CLANG_CXX_LANGUAGE_STANDARD = "gnu++17";
				CLANG_CXX_LIBRARY = "libc++";
				CLANG_ENABLE_MODULES = YES;
				CLANG_ENABLE_OBJC_ARC = YES;
				CLANG_ENABLE_OBJC_WEAK = YES;
				CLANG_WARN_BLOCK_CAPTURE_AUTORELEASING = YES;
				CLANG_WARN_BOOL_CONVERSION = YES;
				CLANG_WARN_COMMA = YES;
				CLANG_WARN_CONSTANT_CONVERSION = YES;
				CLANG_WARN_DEPRECATED_OBJC_IMPLEMENTATIONS = YES;
				CLANG_WARN_DIRECT_OBJC_ISA_USAGE = YES_ERROR;
				CLANG_WARN_DOCUMENTATION_COMMENTS = YES;
				CLANG_WARN_EMPTY_BODY = YES;
				CLANG_WARN_ENUM_CONVERSION = YES;
				CLANG_WARN_INFINITE_RECURSION = YES;
				CLANG_WARN_INT_CONVERSION = YES;
				CLANG_WARN_NON_LITERAL_NULL_CONVERSION = YES;
				CLANG_WARN_OBJC_IMPLICIT_RETAIN_SELF = YES;
				CLANG_WARN_OBJC_LITERAL_CONVERSION = YES;
				CLANG_WARN_OBJC_ROOT_CLASS = YES_ERROR;
				CLANG_WARN_RANGE_LOOP_ANALYSIS = YES;
				CLANG_WARN_STRICT_PROTOTYPES = YES;
				CLANG_WARN_SUSPICIOUS_MOVE = YES;
				CLANG_WARN_UNGUARDED_AVAILABILITY = YES_AGGRESSIVE;
				CLANG_WARN_UNREACHABLE_CODE = YES;
				CLANG_WARN__DUPLICATE_METHOD_MATCH = YES;
				COPY_PHASE_STRIP = NO;
				DEBUG_INFORMATION_FORMAT = dwarf;
				ENABLE_STRICT_OBJC_MSGSEND = YES;
				ENABLE_TESTABILITY = YES;
				GCC_C_LANGUAGE_STANDARD = gnu11;
				GCC_DYNAMIC_NO_PIC = NO;
				GCC_NO_COMMON_BLOCKS = YES;
				GCC_OPTIMIZATION_LEVEL = 0;
				GCC_PREPROCESSOR_DEFINITIONS = (
					"DEBUG=1",
					"$(inherited)",
				);
				GCC_WARN_64_TO_32_BIT_CONVERSION = YES;
				GCC_WARN_ABOUT_RETURN_TYPE = YES_ERROR;
				GCC_WARN_UNDECLARED_SELECTOR = YES;
				GCC_WARN_UNINITIALIZED_AUTOS = YES_AGGRESSIVE;
				GCC_WARN_UNUSED_FUNCTION = YES;
				GCC_WARN_UNUSED_VARIABLE = YES;
				MTL_ENABLE_DEBUG_INFO = YES;
				ONLY_ACTIVE_ARCH = YES;
			};
			name = Debug;
		};
		8307E7EF20E9F9C900473790 /* Release */ = {
			isa = XCBuildConfiguration;
			buildSettings = {
				ALWAYS_SEARCH_USER_PATHS = NO;
				CLANG_ANALYZER_NONNULL = YES;
				CLANG_ANALYZER_NUMBER_OBJECT_CONVERSION = YES_AGGRESSIVE;
				CLANG_CXX_LANGUAGE_STANDARD = "gnu++17";
				CLANG_CXX_LIBRARY = "libc++";
				CLANG_ENABLE_MODULES = YES;
				CLANG_ENABLE_OBJC_ARC = YES;
				CLANG_ENABLE_OBJC_WEAK = YES;
				CLANG_WARN_BLOCK_CAPTURE_AUTORELEASING = YES;
				CLANG_WARN_BOOL_CONVERSION = YES;
				CLANG_WARN_COMMA = YES;
				CLANG_WARN_CONSTANT_CONVERSION = YES;
				CLANG_WARN_DEPRECATED_OBJC_IMPLEMENTATIONS = YES;
				CLANG_WARN_DIRECT_OBJC_ISA_USAGE = YES_ERROR;
				CLANG_WARN_DOCUMENTATION_COMMENTS = YES;
				CLANG_WARN_EMPTY_BODY = YES;
				CLANG_WARN_ENUM_CONVERSION = YES;
				CLANG_WARN_INFINITE_RECURSION = YES;
				CLANG_WARN_INT_CONVERSION = YES;
				CLANG_WARN_NON_LITERAL_NULL_CONVERSION = YES;
				CLANG_WARN_OBJC_IMPLICIT_RETAIN_SELF = YES;
				CLANG_WARN_OBJC_LITERAL_CONVERSION = YES;
				CLANG_WARN_OBJC_ROOT_CLASS = YES_ERROR;
				CLANG_WARN_RANGE_LOOP_ANALYSIS = YES;
				CLANG_WARN_STRICT_PROTOTYPES = YES;
				CLANG_WARN_SUSPICIOUS_MOVE = YES;
				CLANG_WARN_UNGUARDED_AVAILABILITY = YES_AGGRESSIVE;
				CLANG_WARN_UNREACHABLE_CODE = YES;
				CLANG_WARN__DUPLICATE_METHOD_MATCH = YES;
				COPY_PHASE_STRIP = NO;
				DEBUG_INFORMATION_FORMAT = "dwarf-with-dsym";
				ENABLE_NS_ASSERTIONS = NO;
				ENABLE_STRICT_OBJC_MSGSEND = YES;
				GCC_C_LANGUAGE_STANDARD = gnu11;
				GCC_NO_COMMON_BLOCKS = YES;
				GCC_WARN_64_TO_32_BIT_CONVERSION = YES;
				GCC_WARN_ABOUT_RETURN_TYPE = YES_ERROR;
				GCC_WARN_UNDECLARED_SELECTOR = YES;
				GCC_WARN_UNINITIALIZED_AUTOS = YES_AGGRESSIVE;
				GCC_WARN_UNUSED_FUNCTION = YES;
				GCC_WARN_UNUSED_VARIABLE = YES;
				MTL_ENABLE_DEBUG_INFO = NO;
			};
			name = Release;
		};
		8307E7F120E9F9C900473790 /* Debug */ = {
			isa = XCBuildConfiguration;
			buildSettings = {
				CODE_SIGN_IDENTITY = "iPhone Developer";
				CODE_SIGN_STYLE = Automatic;
				DEVELOPMENT_TEAM = "";
				INFOPLIST_FILE = "$(SRCROOT)/iOS/Info-iOS.plist";
				IPHONEOS_DEPLOYMENT_TARGET = 10.0;
				LD_RUNPATH_SEARCH_PATHS = "$(inherited) @executable_path/Frameworks";
				PRODUCT_BUNDLE_IDENTIFIER = "org.imgui.example.apple-metal-ios";
				PRODUCT_NAME = example_apple_metal;
				SDKROOT = iphoneos;
				TARGETED_DEVICE_FAMILY = "1,2";
			};
			name = Debug;
		};
		8307E7F220E9F9C900473790 /* Release */ = {
			isa = XCBuildConfiguration;
			buildSettings = {
				CODE_SIGN_IDENTITY = "iPhone Developer";
				CODE_SIGN_STYLE = Automatic;
				DEVELOPMENT_TEAM = "";
				INFOPLIST_FILE = "$(SRCROOT)/iOS/Info-iOS.plist";
				IPHONEOS_DEPLOYMENT_TARGET = 10.0;
				LD_RUNPATH_SEARCH_PATHS = "$(inherited) @executable_path/Frameworks";
				PRODUCT_BUNDLE_IDENTIFIER = "org.imgui.example.apple-metal-ios";
				PRODUCT_NAME = example_apple_metal;
				SDKROOT = iphoneos;
				TARGETED_DEVICE_FAMILY = "1,2";
				VALIDATE_PRODUCT = YES;
			};
			name = Release;
		};
		8307E7F420E9F9C900473790 /* Debug */ = {
			isa = XCBuildConfiguration;
			buildSettings = {
				CODE_SIGN_IDENTITY = "-";
				CODE_SIGN_STYLE = Automatic;
				COMBINE_HIDPI_IMAGES = YES;
				DEVELOPMENT_TEAM = "";
				INFOPLIST_FILE = "$(SRCROOT)/macOS/Info-macOS.plist";
				LD_RUNPATH_SEARCH_PATHS = "$(inherited) @executable_path/../Frameworks";
				MACOSX_DEPLOYMENT_TARGET = 10.12;
				PRODUCT_BUNDLE_IDENTIFIER = "org.imgui.example.apple-metal-macos";
				PRODUCT_NAME = example_apple_metal;
				SDKROOT = macosx;
			};
			name = Debug;
		};
		8307E7F520E9F9C900473790 /* Release */ = {
			isa = XCBuildConfiguration;
			buildSettings = {
				CODE_SIGN_IDENTITY = "-";
				CODE_SIGN_STYLE = Automatic;
				COMBINE_HIDPI_IMAGES = YES;
				DEVELOPMENT_TEAM = "";
				INFOPLIST_FILE = "$(SRCROOT)/macOS/Info-macOS.plist";
				LD_RUNPATH_SEARCH_PATHS = "$(inherited) @executable_path/../Frameworks";
				MACOSX_DEPLOYMENT_TARGET = 10.12;
				PRODUCT_BUNDLE_IDENTIFIER = "org.imgui.example.apple-metal-macos";
				PRODUCT_NAME = example_apple_metal;
				SDKROOT = macosx;
			};
			name = Release;
		};
/* End XCBuildConfiguration section */

/* Begin XCConfigurationList section */
		8307E7B920E9F9C700473790 /* Build configuration list for PBXProject "example_apple_metal" */ = {
			isa = XCConfigurationList;
			buildConfigurations = (
				8307E7EE20E9F9C900473790 /* Debug */,
				8307E7EF20E9F9C900473790 /* Release */,
			);
			defaultConfigurationIsVisible = 0;
			defaultConfigurationName = Release;
		};
		8307E7F020E9F9C900473790 /* Build configuration list for PBXNativeTarget "example_apple_metal_ios" */ = {
			isa = XCConfigurationList;
			buildConfigurations = (
				8307E7F120E9F9C900473790 /* Debug */,
				8307E7F220E9F9C900473790 /* Release */,
			);
			defaultConfigurationIsVisible = 0;
			defaultConfigurationName = Release;
		};
		8307E7F320E9F9C900473790 /* Build configuration list for PBXNativeTarget "example_apple_metal_macos" */ = {
			isa = XCConfigurationList;
			buildConfigurations = (
				8307E7F420E9F9C900473790 /* Debug */,
				8307E7F520E9F9C900473790 /* Release */,
			);
			defaultConfigurationIsVisible = 0;
			defaultConfigurationName = Release;
		};
/* End XCConfigurationList section */
	};
	rootObject = 8307E7B620E9F9C700473790 /* Project object */;
}
